{
  "name": "4_xml",
  "version": "1.0.0",
  "lockfileVersion": 3,
  "requires": true,
  "packages": {
    "": {
      "name": "4_xml",
      "version": "1.0.0",
      "license": "ISC",
      "dependencies": {
        "xsd-schema-validator": "^0.11.0"
      }
    },
    "node_modules/isexe": {
      "version": "3.1.1",
      "resolved": "https://registry.npmjs.org/isexe/-/isexe-3.1.1.tgz",
      "integrity": "sha512-LpB/54B+/2J5hqQ7imZHfdU31OlgQqx7ZicVlkm9kzg9/w8GKLEcFfJl/t7DCEDueOyBAD6zCCwTO6Fzs0NoEQ==",
      "license": "ISC",
      "engines": {
        "node": ">=16"
      }
    },
    "node_modules/which": {
      "version": "5.0.0",
      "resolved": "https://registry.npmjs.org/which/-/which-5.0.0.tgz",
      "integrity": "sha512-JEdGzHwwkrbWoGOlIHqQ5gtprKGOenpDHpxE9zVR1bWbOtYRyPPHMe9FaP6x61CmNaTThSkb0DAJte5jD+DmzQ==",
      "license": "ISC",
      "dependencies": {
        "isexe": "^3.1.1"
      },
      "bin": {
        "node-which": "bin/which.js"
      },
      "engines": {
        "node": "^18.17.0 || >=20.5.0"
      }
    },
    "node_modules/xsd-schema-validator": {
      "version": "0.11.0",
      "resolved": "https://registry.npmjs.org/xsd-schema-validator/-/xsd-schema-validator-0.11.0.tgz",
      "integrity": "sha512-TDzgl14h9QPYYXyUYk47Cb+PBreNKcLrRM4Eg45fLoBBuEQKQE9zUlFZBqdvY76a+X073FeW5U6l/PjQZIRvNg==",
      "hasInstallScript": true,
      "license": "MIT",
      "dependencies": {
        "which": "^5.0.0"
      },
      "engines": {
        "node": ">= 18"
      }
    }
  }
}
